
Microsoft Visual Studio Solution File, Format Version 12.00
# Visual Studio 14
VisualStudioVersion = 14.0.25420.1
MinimumVisualStudioVersion = 10.0.40219.1
Project("{CC5FD16D-436D-48AD-A40C-5A424C6E3E79}") = "Jinyinmao.Deposit.CloudService", "Jinyinmao.Deposit.CloudService\Jinyinmao.Deposit.CloudService.ccproj", "{2EE00CB7-6248-481E-B238-410895DA3511}"
EndProject
Project("{FAE04EC0-301F-11D3-BF4B-00C04F79EFBC}") = "Jinyinmao.Deposit", "Jinyinmao.Deposit\Jinyinmao.Deposit.csproj", "{FF867721-B672-466A-87D1-7E7BB9942369}"
EndProject
Project("{FAE04EC0-301F-11D3-BF4B-00C04F79EFBC}") = "Jinyinmao.Deposit.Domain", "Jinyinmao.Deposit.Domain\Jinyinmao.Deposit.Domain.csproj", "{8992CF79-0502-46BD-B6CD-D8BD7782C66C}"
EndProject
Project("{FAE04EC0-301F-11D3-BF4B-00C04F79EFBC}") = "Jinyinmao.Deposit.Lib", "Jinyinmao.Deposit.Library\Jinyinmao.Deposit.Lib.csproj", "{780AA30D-24BB-46AF-8F76-6D6C57BDA08C}"
EndProject
Project("{FAE04EC0-301F-11D3-BF4B-00C04F79EFBC}") = "Jinyinmao.Deposit.Config", "Jinyinmao.Deposit.Config\Jinyinmao.Deposit.Config.csproj", "{652804F7-0795-48E1-A436-4AC80FC30CC8}"
EndProject
Project("{FAE04EC0-301F-11D3-BF4B-00C04F79EFBC}") = "Jinyinmao.Deposit.Service", "Jinyinmao.Deposit.Service\Jinyinmao.Deposit.Service.csproj", "{5EEB7BDE-DD83-4A08-89D6-03AC94FCB3C8}"
EndProject
Project("{FAE04EC0-301F-11D3-BF4B-00C04F79EFBC}") = "Jinyinmao.Deposit.Service.Interface", "Jinyinmao.Deposit.Service.Interface\Jinyinmao.Deposit.Service.Interface.csproj", "{4D13AE9D-6C20-481F-886D-1EAAD9D6FA64}"
EndProject
Project("{2150E333-8FDC-42A3-9474-1A3956D46DE8}") = "01-CloudService", "01-CloudService", "{21E435C3-F81D-4595-9BD8-815423CA2893}"
EndProject
Project("{2150E333-8FDC-42A3-9474-1A3956D46DE8}") = "03-Domain", "03-Domain", "{CE754ECE-9C7E-4293-83F9-8642794E031D}"
EndProject
Project("{2150E333-8FDC-42A3-9474-1A3956D46DE8}") = "02-Config", "02-Config", "{77D5DDD9-5F82-46FC-82FF-2E2DD7B92923}"
EndProject
Project("{2150E333-8FDC-42A3-9474-1A3956D46DE8}") = "04-Services", "04-Services", "{F943E0E0-43FF-4C70-BDCD-F28EA457EAF1}"
EndProject
Project("{2150E333-8FDC-42A3-9474-1A3956D46DE8}") = "05-Helper", "05-Helper", "{197A7C2B-0D63-40FC-8280-D0C6710BFAAD}"
EndProject
Project("{2150E333-8FDC-42A3-9474-1A3956D46DE8}") = "06-ProjectLab", "06-ProjectLab", "{D5EA7E7D-B026-4678-9057-0972D206D903}"
EndProject
Project("{FAE04EC0-301F-11D3-BF4B-00C04F79EFBC}") = "Jinyinmao.Tirisfal.Service", "Jinyinmao.Tirisfal.Service\Jinyinmao.Tirisfal.Service.csproj", "{C5ED919B-5174-4C8A-A891-5A0F2A107F88}"
EndProject
Project("{FAE04EC0-301F-11D3-BF4B-00C04F79EFBC}") = "Jinyinmao.Tirisfal.Service.Interface", "Jinyinmao.Tirisfal.Service.Interface\Jinyinmao.Tirisfal.Service.Interface.csproj", "{4027139A-1D6E-4514-BBEF-0CF204CD8DE8}"
EndProject
Project("{FAE04EC0-301F-11D3-BF4B-00C04F79EFBC}") = "Jinyinmao.Asset.Service", "Jinyinmao.Asset.Service\Jinyinmao.Asset.Service.csproj", "{73AE5C1C-E57C-4172-A03E-55F18FCF881D}"
EndProject
Project("{FAE04EC0-301F-11D3-BF4B-00C04F79EFBC}") = "Jinyinmao.Asset.Service.Interface", "Jinyinmao.Asset.Service.Interface\Jinyinmao.Asset.Service.Interface.csproj", "{D5E383EC-09C1-4A24-892F-E2954555FAD3}"
EndProject
Project("{FAE04EC0-301F-11D3-BF4B-00C04F79EFBC}") = "DepositLab", "DepositLab\DepositLab.csproj", "{59FC14BE-01AD-4D43-ADF7-FE7688E3782C}"
EndProject
Project("{FAE04EC0-301F-11D3-BF4B-00C04F79EFBC}") = "Jinyinmao.ServiceBus.Service.Interface", "Jinyinmao.ServiceBus.Service.Interface\Jinyinmao.ServiceBus.Service.Interface.csproj", "{67E7EC77-2923-4AB6-9107-698FF09971BB}"
EndProject
Project("{FAE04EC0-301F-11D3-BF4B-00C04F79EFBC}") = "Jinyinmao.ServiceBus.Service", "Jinyinmao.ServiceBus.Service\Jinyinmao.ServiceBus.Service.csproj", "{303347DB-8289-4D99-BF61-C49382062C40}"
EndProject
Project("{FAE04EC0-301F-11D3-BF4B-00C04F79EFBC}") = "Jinyinmao.Coupon.Service", "Jinyinmao.Coupon.Service\Jinyinmao.Coupon.Service.csproj", "{0657A9EA-976D-4644-9129-0320BC01FCFE}"
EndProject
Project("{FAE04EC0-301F-11D3-BF4B-00C04F79EFBC}") = "Jinyinmao.Coupon.Service.Interface", "Jinyinmao.Coupon.Service.Interface\Jinyinmao.Coupon.Service.Interface.csproj", "{2F190AA2-A664-4D3F-B0BC-BFBF6BFBFC44}"
EndProject
Project("{FAE04EC0-301F-11D3-BF4B-00C04F79EFBC}") = "Jinyinmao.Message.Service", "Jinyinmao.Message.Service\Jinyinmao.Message.Service.csproj", "{C9B95DF8-6836-403B-8EC4-325BF8D2C687}"
EndProject
Project("{FAE04EC0-301F-11D3-BF4B-00C04F79EFBC}") = "Jinyinmao.Message.Service.Interface", "Jinyinmao.Message.Service.Interface\Jinyinmao.Message.Service.Interface.csproj", "{EE1BE1DB-3E62-42F6-A756-E881ED81BF81}"
EndProject
Global
	GlobalSection(SolutionConfigurationPlatforms) = preSolution
		Cloud|Any CPU = Cloud|Any CPU
		Debug|Any CPU = Debug|Any CPU
		Release|Any CPU = Release|Any CPU
	EndGlobalSection
	GlobalSection(ProjectConfigurationPlatforms) = postSolution
		{2EE00CB7-6248-481E-B238-410895DA3511}.Cloud|Any CPU.ActiveCfg = Cloud|Any CPU
		{2EE00CB7-6248-481E-B238-410895DA3511}.Cloud|Any CPU.Build.0 = Cloud|Any CPU
		{2EE00CB7-6248-481E-B238-410895DA3511}.Debug|Any CPU.ActiveCfg = Debug|Any CPU
		{2EE00CB7-6248-481E-B238-410895DA3511}.Debug|Any CPU.Build.0 = Debug|Any CPU
		{2EE00CB7-6248-481E-B238-410895DA3511}.Release|Any CPU.ActiveCfg = Release|Any CPU
		{2EE00CB7-6248-481E-B238-410895DA3511}.Release|Any CPU.Build.0 = Release|Any CPU
		{FF867721-B672-466A-87D1-7E7BB9942369}.Cloud|Any CPU.ActiveCfg = Cloud|Any CPU
		{FF867721-B672-466A-87D1-7E7BB9942369}.Cloud|Any CPU.Build.0 = Cloud|Any CPU
		{FF867721-B672-466A-87D1-7E7BB9942369}.Debug|Any CPU.ActiveCfg = Debug|Any CPU
		{FF867721-B672-466A-87D1-7E7BB9942369}.Debug|Any CPU.Build.0 = Debug|Any CPU
		{FF867721-B672-466A-87D1-7E7BB9942369}.Release|Any CPU.ActiveCfg = Release|Any CPU
		{FF867721-B672-466A-87D1-7E7BB9942369}.Release|Any CPU.Build.0 = Release|Any CPU
		{8992CF79-0502-46BD-B6CD-D8BD7782C66C}.Cloud|Any CPU.ActiveCfg = Cloud|Any CPU
		{8992CF79-0502-46BD-B6CD-D8BD7782C66C}.Cloud|Any CPU.Build.0 = Cloud|Any CPU
		{8992CF79-0502-46BD-B6CD-D8BD7782C66C}.Debug|Any CPU.ActiveCfg = Debug|Any CPU
		{8992CF79-0502-46BD-B6CD-D8BD7782C66C}.Debug|Any CPU.Build.0 = Debug|Any CPU
		{8992CF79-0502-46BD-B6CD-D8BD7782C66C}.Release|Any CPU.ActiveCfg = Release|Any CPU
		{8992CF79-0502-46BD-B6CD-D8BD7782C66C}.Release|Any CPU.Build.0 = Release|Any CPU
		{780AA30D-24BB-46AF-8F76-6D6C57BDA08C}.Cloud|Any CPU.ActiveCfg = Cloud|Any CPU
		{780AA30D-24BB-46AF-8F76-6D6C57BDA08C}.Cloud|Any CPU.Build.0 = Cloud|Any CPU
		{780AA30D-24BB-46AF-8F76-6D6C57BDA08C}.Debug|Any CPU.ActiveCfg = Debug|Any CPU
		{780AA30D-24BB-46AF-8F76-6D6C57BDA08C}.Debug|Any CPU.Build.0 = Debug|Any CPU
		{780AA30D-24BB-46AF-8F76-6D6C57BDA08C}.Release|Any CPU.ActiveCfg = Release|Any CPU
		{780AA30D-24BB-46AF-8F76-6D6C57BDA08C}.Release|Any CPU.Build.0 = Release|Any CPU
		{652804F7-0795-48E1-A436-4AC80FC30CC8}.Cloud|Any CPU.ActiveCfg = Cloud|Any CPU
		{652804F7-0795-48E1-A436-4AC80FC30CC8}.Cloud|Any CPU.Build.0 = Cloud|Any CPU
		{652804F7-0795-48E1-A436-4AC80FC30CC8}.Debug|Any CPU.ActiveCfg = Debug|Any CPU
		{652804F7-0795-48E1-A436-4AC80FC30CC8}.Debug|Any CPU.Build.0 = Debug|Any CPU
		{652804F7-0795-48E1-A436-4AC80FC30CC8}.Release|Any CPU.ActiveCfg = Release|Any CPU
		{652804F7-0795-48E1-A436-4AC80FC30CC8}.Release|Any CPU.Build.0 = Release|Any CPU
		{5EEB7BDE-DD83-4A08-89D6-03AC94FCB3C8}.Cloud|Any CPU.ActiveCfg = Cloud|Any CPU
		{5EEB7BDE-DD83-4A08-89D6-03AC94FCB3C8}.Cloud|Any CPU.Build.0 = Cloud|Any CPU
		{5EEB7BDE-DD83-4A08-89D6-03AC94FCB3C8}.Debug|Any CPU.ActiveCfg = Debug|Any CPU
		{5EEB7BDE-DD83-4A08-89D6-03AC94FCB3C8}.Debug|Any CPU.Build.0 = Debug|Any CPU
		{5EEB7BDE-DD83-4A08-89D6-03AC94FCB3C8}.Release|Any CPU.ActiveCfg = Release|Any CPU
		{5EEB7BDE-DD83-4A08-89D6-03AC94FCB3C8}.Release|Any CPU.Build.0 = Release|Any CPU
		{4D13AE9D-6C20-481F-886D-1EAAD9D6FA64}.Cloud|Any CPU.ActiveCfg = Cloud|Any CPU
		{4D13AE9D-6C20-481F-886D-1EAAD9D6FA64}.Cloud|Any CPU.Build.0 = Cloud|Any CPU
		{4D13AE9D-6C20-481F-886D-1EAAD9D6FA64}.Debug|Any CPU.ActiveCfg = Debug|Any CPU
		{4D13AE9D-6C20-481F-886D-1EAAD9D6FA64}.Debug|Any CPU.Build.0 = Debug|Any CPU
		{4D13AE9D-6C20-481F-886D-1EAAD9D6FA64}.Release|Any CPU.ActiveCfg = Release|Any CPU
		{4D13AE9D-6C20-481F-886D-1EAAD9D6FA64}.Release|Any CPU.Build.0 = Release|Any CPU
		{C5ED919B-5174-4C8A-A891-5A0F2A107F88}.Cloud|Any CPU.ActiveCfg = Cloud|Any CPU
		{C5ED919B-5174-4C8A-A891-5A0F2A107F88}.Cloud|Any CPU.Build.0 = Cloud|Any CPU
		{C5ED919B-5174-4C8A-A891-5A0F2A107F88}.Debug|Any CPU.ActiveCfg = Debug|Any CPU
		{C5ED919B-5174-4C8A-A891-5A0F2A107F88}.Debug|Any CPU.Build.0 = Debug|Any CPU
		{C5ED919B-5174-4C8A-A891-5A0F2A107F88}.Release|Any CPU.ActiveCfg = Release|Any CPU
		{C5ED919B-5174-4C8A-A891-5A0F2A107F88}.Release|Any CPU.Build.0 = Release|Any CPU
		{4027139A-1D6E-4514-BBEF-0CF204CD8DE8}.Cloud|Any CPU.ActiveCfg = Cloud|Any CPU
		{4027139A-1D6E-4514-BBEF-0CF204CD8DE8}.Cloud|Any CPU.Build.0 = Cloud|Any CPU
		{4027139A-1D6E-4514-BBEF-0CF204CD8DE8}.Debug|Any CPU.ActiveCfg = Debug|Any CPU
		{4027139A-1D6E-4514-BBEF-0CF204CD8DE8}.Debug|Any CPU.Build.0 = Debug|Any CPU
		{4027139A-1D6E-4514-BBEF-0CF204CD8DE8}.Release|Any CPU.ActiveCfg = Release|Any CPU
		{4027139A-1D6E-4514-BBEF-0CF204CD8DE8}.Release|Any CPU.Build.0 = Release|Any CPU
		{73AE5C1C-E57C-4172-A03E-55F18FCF881D}.Cloud|Any CPU.ActiveCfg = Cloud|Any CPU
		{73AE5C1C-E57C-4172-A03E-55F18FCF881D}.Cloud|Any CPU.Build.0 = Cloud|Any CPU
		{73AE5C1C-E57C-4172-A03E-55F18FCF881D}.Debug|Any CPU.ActiveCfg = Debug|Any CPU
		{73AE5C1C-E57C-4172-A03E-55F18FCF881D}.Debug|Any CPU.Build.0 = Debug|Any CPU
		{73AE5C1C-E57C-4172-A03E-55F18FCF881D}.Release|Any CPU.ActiveCfg = Release|Any CPU
		{73AE5C1C-E57C-4172-A03E-55F18FCF881D}.Release|Any CPU.Build.0 = Release|Any CPU
		{D5E383EC-09C1-4A24-892F-E2954555FAD3}.Cloud|Any CPU.ActiveCfg = Cloud|Any CPU
		{D5E383EC-09C1-4A24-892F-E2954555FAD3}.Cloud|Any CPU.Build.0 = Cloud|Any CPU
		{D5E383EC-09C1-4A24-892F-E2954555FAD3}.Debug|Any CPU.ActiveCfg = Debug|Any CPU
		{D5E383EC-09C1-4A24-892F-E2954555FAD3}.Debug|Any CPU.Build.0 = Debug|Any CPU
		{D5E383EC-09C1-4A24-892F-E2954555FAD3}.Release|Any CPU.ActiveCfg = Release|Any CPU
		{D5E383EC-09C1-4A24-892F-E2954555FAD3}.Release|Any CPU.Build.0 = Release|Any CPU
		{59FC14BE-01AD-4D43-ADF7-FE7688E3782C}.Cloud|Any CPU.ActiveCfg = Cloud|Any CPU
		{59FC14BE-01AD-4D43-ADF7-FE7688E3782C}.Cloud|Any CPU.Build.0 = Cloud|Any CPU
		{59FC14BE-01AD-4D43-ADF7-FE7688E3782C}.Debug|Any CPU.ActiveCfg = Debug|Any CPU
		{59FC14BE-01AD-4D43-ADF7-FE7688E3782C}.Debug|Any CPU.Build.0 = Debug|Any CPU
		{59FC14BE-01AD-4D43-ADF7-FE7688E3782C}.Release|Any CPU.ActiveCfg = Release|Any CPU
		{59FC14BE-01AD-4D43-ADF7-FE7688E3782C}.Release|Any CPU.Build.0 = Release|Any CPU
		{67E7EC77-2923-4AB6-9107-698FF09971BB}.Cloud|Any CPU.ActiveCfg = Cloud|Any CPU
		{67E7EC77-2923-4AB6-9107-698FF09971BB}.Cloud|Any CPU.Build.0 = Cloud|Any CPU
		{67E7EC77-2923-4AB6-9107-698FF09971BB}.Debug|Any CPU.ActiveCfg = Debug|Any CPU
		{67E7EC77-2923-4AB6-9107-698FF09971BB}.Debug|Any CPU.Build.0 = Debug|Any CPU
		{67E7EC77-2923-4AB6-9107-698FF09971BB}.Release|Any CPU.ActiveCfg = Release|Any CPU
		{67E7EC77-2923-4AB6-9107-698FF09971BB}.Release|Any CPU.Build.0 = Release|Any CPU
		{303347DB-8289-4D99-BF61-C49382062C40}.Cloud|Any CPU.ActiveCfg = Cloud|Any CPU
		{303347DB-8289-4D99-BF61-C49382062C40}.Cloud|Any CPU.Build.0 = Cloud|Any CPU
		{303347DB-8289-4D99-BF61-C49382062C40}.Debug|Any CPU.ActiveCfg = Debug|Any CPU
		{303347DB-8289-4D99-BF61-C49382062C40}.Debug|Any CPU.Build.0 = Debug|Any CPU
		{303347DB-8289-4D99-BF61-C49382062C40}.Release|Any CPU.ActiveCfg = Release|Any CPU
		{303347DB-8289-4D99-BF61-C49382062C40}.Release|Any CPU.Build.0 = Release|Any CPU
		{0657A9EA-976D-4644-9129-0320BC01FCFE}.Cloud|Any CPU.ActiveCfg = Cloud|Any CPU
		{0657A9EA-976D-4644-9129-0320BC01FCFE}.Cloud|Any CPU.Build.0 = Cloud|Any CPU
		{0657A9EA-976D-4644-9129-0320BC01FCFE}.Debug|Any CPU.ActiveCfg = Debug|Any CPU
		{0657A9EA-976D-4644-9129-0320BC01FCFE}.Debug|Any CPU.Build.0 = Debug|Any CPU
		{0657A9EA-976D-4644-9129-0320BC01FCFE}.Release|Any CPU.ActiveCfg = Release|Any CPU
		{0657A9EA-976D-4644-9129-0320BC01FCFE}.Release|Any CPU.Build.0 = Release|Any CPU
		{2F190AA2-A664-4D3F-B0BC-BFBF6BFBFC44}.Cloud|Any CPU.ActiveCfg = Cloud|Any CPU
		{2F190AA2-A664-4D3F-B0BC-BFBF6BFBFC44}.Cloud|Any CPU.Build.0 = Cloud|Any CPU
		{2F190AA2-A664-4D3F-B0BC-BFBF6BFBFC44}.Debug|Any CPU.ActiveCfg = Debug|Any CPU
		{2F190AA2-A664-4D3F-B0BC-BFBF6BFBFC44}.Debug|Any CPU.Build.0 = Debug|Any CPU
		{2F190AA2-A664-4D3F-B0BC-BFBF6BFBFC44}.Release|Any CPU.ActiveCfg = Release|Any CPU
		{2F190AA2-A664-4D3F-B0BC-BFBF6BFBFC44}.Release|Any CPU.Build.0 = Release|Any CPU
		{C9B95DF8-6836-403B-8EC4-325BF8D2C687}.Cloud|Any CPU.ActiveCfg = Release|Any CPU
		{C9B95DF8-6836-403B-8EC4-325BF8D2C687}.Cloud|Any CPU.Build.0 = Release|Any CPU
		{C9B95DF8-6836-403B-8EC4-325BF8D2C687}.Debug|Any CPU.ActiveCfg = Debug|Any CPU
		{C9B95DF8-6836-403B-8EC4-325BF8D2C687}.Debug|Any CPU.Build.0 = Debug|Any CPU
		{C9B95DF8-6836-403B-8EC4-325BF8D2C687}.Release|Any CPU.ActiveCfg = Release|Any CPU
		{C9B95DF8-6836-403B-8EC4-325BF8D2C687}.Release|Any CPU.Build.0 = Release|Any CPU
		{EE1BE1DB-3E62-42F6-A756-E881ED81BF81}.Cloud|Any CPU.ActiveCfg = Release|Any CPU
		{EE1BE1DB-3E62-42F6-A756-E881ED81BF81}.Cloud|Any CPU.Build.0 = Release|Any CPU
		{EE1BE1DB-3E62-42F6-A756-E881ED81BF81}.Debug|Any CPU.ActiveCfg = Debug|Any CPU
		{EE1BE1DB-3E62-42F6-A756-E881ED81BF81}.Debug|Any CPU.Build.0 = Debug|Any CPU
		{EE1BE1DB-3E62-42F6-A756-E881ED81BF81}.Release|Any CPU.ActiveCfg = Release|Any CPU
		{EE1BE1DB-3E62-42F6-A756-E881ED81BF81}.Release|Any CPU.Build.0 = Release|Any CPU
	EndGlobalSection
	GlobalSection(SolutionProperties) = preSolution
		HideSolutionNode = FALSE
	EndGlobalSection
	GlobalSection(NestedProjects) = preSolution
		{2EE00CB7-6248-481E-B238-410895DA3511} = {21E435C3-F81D-4595-9BD8-815423CA2893}
		{FF867721-B672-466A-87D1-7E7BB9942369} = {21E435C3-F81D-4595-9BD8-815423CA2893}
		{8992CF79-0502-46BD-B6CD-D8BD7782C66C} = {CE754ECE-9C7E-4293-83F9-8642794E031D}
		{780AA30D-24BB-46AF-8F76-6D6C57BDA08C} = {197A7C2B-0D63-40FC-8280-D0C6710BFAAD}
		{652804F7-0795-48E1-A436-4AC80FC30CC8} = {77D5DDD9-5F82-46FC-82FF-2E2DD7B92923}
		{5EEB7BDE-DD83-4A08-89D6-03AC94FCB3C8} = {F943E0E0-43FF-4C70-BDCD-F28EA457EAF1}
		{4D13AE9D-6C20-481F-886D-1EAAD9D6FA64} = {F943E0E0-43FF-4C70-BDCD-F28EA457EAF1}
		{C5ED919B-5174-4C8A-A891-5A0F2A107F88} = {F943E0E0-43FF-4C70-BDCD-F28EA457EAF1}
		{4027139A-1D6E-4514-BBEF-0CF204CD8DE8} = {F943E0E0-43FF-4C70-BDCD-F28EA457EAF1}
		{73AE5C1C-E57C-4172-A03E-55F18FCF881D} = {F943E0E0-43FF-4C70-BDCD-F28EA457EAF1}
		{D5E383EC-09C1-4A24-892F-E2954555FAD3} = {F943E0E0-43FF-4C70-BDCD-F28EA457EAF1}
		{59FC14BE-01AD-4D43-ADF7-FE7688E3782C} = {D5EA7E7D-B026-4678-9057-0972D206D903}
		{67E7EC77-2923-4AB6-9107-698FF09971BB} = {F943E0E0-43FF-4C70-BDCD-F28EA457EAF1}
		{303347DB-8289-4D99-BF61-C49382062C40} = {F943E0E0-43FF-4C70-BDCD-F28EA457EAF1}
		{0657A9EA-976D-4644-9129-0320BC01FCFE} = {F943E0E0-43FF-4C70-BDCD-F28EA457EAF1}
		{2F190AA2-A664-4D3F-B0BC-BFBF6BFBFC44} = {F943E0E0-43FF-4C70-BDCD-F28EA457EAF1}
		{C9B95DF8-6836-403B-8EC4-325BF8D2C687} = {F943E0E0-43FF-4C70-BDCD-F28EA457EAF1}
		{EE1BE1DB-3E62-42F6-A756-E881ED81BF81} = {F943E0E0-43FF-4C70-BDCD-F28EA457EAF1}
	EndGlobalSection
	GlobalSection(ExtensibilityGlobals) = postSolution
		EnterpriseLibraryConfigurationToolBinariesPathV6 = packages\EnterpriseLibrary.TransientFaultHandling.6.0.1304.0\lib\portable-net45+win+wp8;packages\EnterpriseLibrary.TransientFaultHandling.Data.6.0.1304.1\lib\NET45
	EndGlobalSection
EndGlobal
